// !$*UTF8*$!
{
	archiveVersion = 1;
	classes = {
	};
	objectVersion = 50;
	objects = {

/* Begin PBXBuildFile section */
		3845E29622400B780046ADAD /* AppDelegate.swift in Sources */ = {isa = PBXBuildFile; fileRef = 3845E29522400B780046ADAD /* AppDelegate.swift */; };
		3845E29822400B780046ADAD /* ViewController.swift in Sources */ = {isa = PBXBuildFile; fileRef = 3845E29722400B780046ADAD /* ViewController.swift */; };
		3845E29B22400B780046ADAD /* Main.storyboard in Resources */ = {isa = PBXBuildFile; fileRef = 3845E29922400B780046ADAD /* Main.storyboard */; };
		3845E29D22400B7B0046ADAD /* Assets.xcassets in Resources */ = {isa = PBXBuildFile; fileRef = 3845E29C22400B7B0046ADAD /* Assets.xcassets */; };
		3845E2A022400B7B0046ADAD /* LaunchScreen.storyboard in Resources */ = {isa = PBXBuildFile; fileRef = 3845E29E22400B7B0046ADAD /* LaunchScreen.storyboard */; };
		3845E2AB22400B7B0046ADAD /* Question1Tests.swift in Sources */ = {isa = PBXBuildFile; fileRef = 3845E2AA22400B7B0046ADAD /* Question1Tests.swift */; };
		3845E2B622400B7B0046ADAD /* Question1UITests.swift in Sources */ = {isa = PBXBuildFile; fileRef = 3845E2B522400B7B0046ADAD /* Question1UITests.swift */; };
/* End PBXBuildFile section */

/* Begin PBXContainerItemProxy section */
		3845E2A722400B7B0046ADAD /* PBXContainerItemProxy */ = {
			isa = PBXContainerItemProxy;
			containerPortal = 3845E28A22400B780046ADAD /* Project object */;
			proxyType = 1;
			remoteGlobalIDString = 3845E29122400B780046ADAD;
			remoteInfo = Question1;
		};
		3845E2B222400B7B0046ADAD /* PBXContainerItemProxy */ = {
			isa = PBXContainerItemProxy;
			containerPortal = 3845E28A22400B780046ADAD /* Project object */;
			proxyType = 1;
			remoteGlobalIDString = 3845E29122400B780046ADAD;
			remoteInfo = Question1;
		};
/* End PBXContainerItemProxy section */

/* Begin PBXFileReference section */
		3845E29222400B780046ADAD /* Question1.app */ = {isa = PBXFileReference; explicitFileType = wrapper.application; includeInIndex = 0; path = Question1.app; sourceTree = BUILT_PRODUCTS_DIR; };
		3845E29522400B780046ADAD /* AppDelegate.swift */ = {isa = PBXFileReference; lastKnownFileType = sourcecode.swift; path = AppDelegate.swift; sourceTree = "<group>"; };
		3845E29722400B780046ADAD /* ViewController.swift */ = {isa = PBXFileReference; lastKnownFileType = sourcecode.swift; path = ViewController.swift; sourceTree = "<group>"; };
		3845E29A22400B780046ADAD /* Base */ = {isa = PBXFileReference; lastKnownFileType = file.storyboard; name = Base; path = Base.lproj/Main.storyboard; sourceTree = "<group>"; };
		3845E29C22400B7B0046ADAD /* Assets.xcassets */ = {isa = PBXFileReference; lastKnownFileType = folder.assetcatalog; path = Assets.xcassets; sourceTree = "<group>"; };
		3845E29F22400B7B0046ADAD /* Base */ = {isa = PBXFileReference; lastKnownFileType = file.storyboard; name = Base; path = Base.lproj/LaunchScreen.storyboard; sourceTree = "<group>"; };
		3845E2A122400B7B0046ADAD /* Info.plist */ = {isa = PBXFileReference; lastKnownFileType = text.plist.xml; path = Info.plist; sourceTree = "<group>"; };
		3845E2A622400B7B0046ADAD /* Question1Tests.xctest */ = {isa = PBXFileReference; explicitFileType = wrapper.cfbundle; includeInIndex = 0; path = Question1Tests.xctest; sourceTree = BUILT_PRODUCTS_DIR; };
		3845E2AA22400B7B0046ADAD /* Question1Tests.swift */ = {isa = PBXFileReference; lastKnownFileType = sourcecode.swift; path = Question1Tests.swift; sourceTree = "<group>"; };
		3845E2AC22400B7B0046ADAD /* Info.plist */ = {isa = PBXFileReference; lastKnownFileType = text.plist.xml; path = Info.plist; sourceTree = "<group>"; };
		3845E2B122400B7B0046ADAD /* Question1UITests.xctest */ = {isa = PBXFileReference; explicitFileType = wrapper.cfbundle; includeInIndex = 0; path = Question1UITests.xctest; sourceTree = BUILT_PRODUCTS_DIR; };
		3845E2B522400B7B0046ADAD /* Question1UITests.swift */ = {isa = PBXFileReference; lastKnownFileType = sourcecode.swift; path = Question1UITests.swift; sourceTree = "<group>"; };
		3845E2B722400B7B0046ADAD /* Info.plist */ = {isa = PBXFileReference; lastKnownFileType = text.plist.xml; path = Info.plist; sourceTree = "<group>"; };
/* End PBXFileReference section */

/* Begin PBXFrameworksBuildPhase section */
		3845E28F22400B780046ADAD /* Frameworks */ = {
			isa = PBXFrameworksBuildPhase;
			buildActionMask = 2147483647;
			files = (
			);
			runOnlyForDeploymentPostprocessing = 0;
		};
		3845E2A322400B7B0046ADAD /* Frameworks */ = {
			isa = PBXFrameworksBuildPhase;
			buildActionMask = 2147483647;
			files = (
			);
			runOnlyForDeploymentPostprocessing = 0;
		};
		3845E2AE22400B7B0046ADAD /* Frameworks */ = {
			isa = PBXFrameworksBuildPhase;
			buildActionMask = 2147483647;
			files = (
			);
			runOnlyForDeploymentPostprocessing = 0;
		};
/* End PBXFrameworksBuildPhase section */

/* Begin PBXGroup section */
		3845E28922400B770046ADAD = {
			isa = PBXGroup;
			children = (
				3845E29422400B780046ADAD /* Question1 */,
				3845E2A922400B7B0046ADAD /* Question1Tests */,
				3845E2B422400B7B0046ADAD /* Question1UITests */,
				3845E29322400B780046ADAD /* Products */,
			);
			sourceTree = "<group>";
		};
		3845E29322400B780046ADAD /* Products */ = {
			isa = PBXGroup;
			children = (
				3845E29222400B780046ADAD /* Question1.app */,
				3845E2A622400B7B0046ADAD /* Question1Tests.xctest */,
				3845E2B122400B7B0046ADAD /* Question1UITests.xctest */,
			);
			name = Products;
			sourceTree = "<group>";
		};
		3845E29422400B780046ADAD /* Question1 */ = {
			isa = PBXGroup;
			children = (
				3845E29522400B780046ADAD /* AppDelegate.swift */,
				3845E29722400B780046ADAD /* ViewController.swift */,
				3845E29922400B780046ADAD /* Main.storyboard */,
				3845E29C22400B7B0046ADAD /* Assets.xcassets */,
				3845E29E22400B7B0046ADAD /* LaunchScreen.storyboard */,
				3845E2A122400B7B0046ADAD /* Info.plist */,
			);
			path = Question1;
			sourceTree = "<group>";
		};
		3845E2A922400B7B0046ADAD /* Question1Tests */ = {
			isa = PBXGroup;
			children = (
				3845E2AA22400B7B0046ADAD /* Question1Tests.swift */,
				3845E2AC22400B7B0046ADAD /* Info.plist */,
			);
			path = Question1Tests;
			sourceTree = "<group>";
		};
		3845E2B422400B7B0046ADAD /* Question1UITests */ = {
			isa = PBXGroup;
			children = (
				3845E2B522400B7B0046ADAD /* Question1UITests.swift */,
				3845E2B722400B7B0046ADAD /* Info.plist */,
			);
			path = Question1UITests;
			sourceTree = "<group>";
		};
/* End PBXGroup section */

/* Begin PBXNativeTarget section */
		3845E29122400B780046ADAD /* Question1 */ = {
			isa = PBXNativeTarget;
			buildConfigurationList = 3845E2BA22400B7B0046ADAD /* Build configuration list for PBXNativeTarget "Question1" */;
			buildPhases = (
				3845E28E22400B780046ADAD /* Sources */,
				3845E28F22400B780046ADAD /* Frameworks */,
				3845E29022400B780046ADAD /* Resources */,
			);
			buildRules = (
			);
			dependencies = (
			);
			name = Question1;
			productName = Question1;
			productReference = 3845E29222400B780046ADAD /* Question1.app */;
			productType = "com.apple.product-type.application";
		};
		3845E2A522400B7B0046ADAD /* Question1Tests */ = {
			isa = PBXNativeTarget;
			buildConfigurationList = 3845E2BD22400B7B0046ADAD /* Build configuration list for PBXNativeTarget "Question1Tests" */;
			buildPhases = (
				3845E2A222400B7B0046ADAD /* Sources */,
				3845E2A322400B7B0046ADAD /* Frameworks */,
				3845E2A422400B7B0046ADAD /* Resources */,
			);
			buildRules = (
			);
			dependencies = (
				3845E2A822400B7B0046ADAD /* PBXTargetDependency */,
			);
			name = Question1Tests;
			productName = Question1Tests;
			productReference = 3845E2A622400B7B0046ADAD /* Question1Tests.xctest */;
			productType = "com.apple.product-type.bundle.unit-test";
		};
		3845E2B022400B7B0046ADAD /* Question1UITests */ = {
			isa = PBXNativeTarget;
			buildConfigurationList = 3845E2C022400B7B0046ADAD /* Build configuration list for PBXNativeTarget "Question1UITests" */;
			buildPhases = (
				3845E2AD22400B7B0046ADAD /* Sources */,
				3845E2AE22400B7B0046ADAD /* Frameworks */,
				3845E2AF22400B7B0046ADAD /* Resources */,
			);
			buildRules = (
			);
			dependencies = (
				3845E2B322400B7B0046ADAD /* PBXTargetDependency */,
			);
			name = Question1UITests;
			productName = Question1UITests;
			productReference = 3845E2B122400B7B0046ADAD /* Question1UITests.xctest */;
			productType = "com.apple.product-type.bundle.ui-testing";
		};
/* End PBXNativeTarget section */

/* Begin PBXProject section */
		3845E28A22400B780046ADAD /* Project object */ = {
			isa = PBXProject;
			attributes = {
				LastSwiftUpdateCheck = 1010;
				LastUpgradeCheck = 1010;
				ORGANIZATIONNAME = "Akash Verma";
				TargetAttributes = {
					3845E29122400B780046ADAD = {
						CreatedOnToolsVersion = 10.1;
					};
					3845E2A522400B7B0046ADAD = {
						CreatedOnToolsVersion = 10.1;
						TestTargetID = 3845E29122400B780046ADAD;
					};
					3845E2B022400B7B0046ADAD = {
						CreatedOnToolsVersion = 10.1;
						TestTargetID = 3845E29122400B780046ADAD;
					};
				};
			};
			buildConfigurationList = 3845E28D22400B780046ADAD /* Build configuration list for PBXProject "Question1" */;
			compatibilityVersion = "Xcode 9.3";
			developmentRegion = en;
			hasScannedForEncodings = 0;
			knownRegions = (
				en,
				Base,
			);
			mainGroup = 3845E28922400B770046ADAD;
			productRefGroup = 3845E29322400B780046ADAD /* Products */;
			projectDirPath = "";
			projectRoot = "";
			targets = (
				3845E29122400B780046ADAD /* Question1 */,
				3845E2A522400B7B0046ADAD /* Question1Tests */,
				3845E2B022400B7B0046ADAD /* Question1UITests */,
			);
		};
/* End PBXProject section */

/* Begin PBXResourcesBuildPhase section */
		3845E29022400B780046ADAD /* Resources */ = {
			isa = PBXResourcesBuildPhase;
			buildActionMask = 2147483647;
			files = (
				3845E2A022400B7B0046ADAD /* LaunchScreen.storyboard in Resources */,
				3845E29D22400B7B0046ADAD /* Assets.xcassets in Resources */,
				3845E29B22400B780046ADAD /* Main.storyboard in Resources */,
			);
			runOnlyForDeploymentPostprocessing = 0;
		};
		3845E2A422400B7B0046ADAD /* Resources */ = {
			isa = PBXResourcesBuildPhase;
			buildActionMask = 2147483647;
			files = (
			);
			runOnlyForDeploymentPostprocessing = 0;
		};
		3845E2AF22400B7B0046ADAD /* Resources */ = {
			isa = PBXResourcesBuildPhase;
			buildActionMask = 2147483647;
			files = (
			);
			runOnlyForDeploymentPostprocessing = 0;
		};
/* End PBXResourcesBuildPhase section */

/* Begin PBXSourcesBuildPhase section */
		3845E28E22400B780046ADAD /* Sources */ = {
			isa = PBXSourcesBuildPhase;
			buildActionMask = 2147483647;
			files = (
				3845E29822400B780046ADAD /* ViewController.swift in Sources */,
				3845E29622400B780046ADAD /* AppDelegate.swift in Sources */,
			);
			runOnlyForDeploymentPostprocessing = 0;
		};
		3845E2A222400B7B0046ADAD /* Sources */ = {
			isa = PBXSourcesBuildPhase;
			buildActionMask = 2147483647;
			files = (
				3845E2AB22400B7B0046ADAD /* Question1Tests.swift in Sources */,
			);
			runOnlyForDeploymentPostprocessing = 0;
		};
		3845E2AD22400B7B0046ADAD /* Sources */ = {
			isa = PBXSourcesBuildPhase;
			buildActionMask = 2147483647;
			files = (
				3845E2B622400B7B0046ADAD /* Question1UITests.swift in Sources */,
			);
			runOnlyForDeploymentPostprocessing = 0;
		};
/* End PBXSourcesBuildPhase section */

/* Begin PBXTargetDependency section */
		3845E2A822400B7B0046ADAD /* PBXTargetDependency */ = {
			isa = PBXTargetDependency;
			target = 3845E29122400B780046ADAD /* Question1 */;
			targetProxy = 3845E2A722400B7B0046ADAD /* PBXContainerItemProxy */;
		};
		3845E2B322400B7B0046ADAD /* PBXTargetDependency */ = {
			isa = PBXTargetDependency;
			target = 3845E29122400B780046ADAD /* Question1 */;
			targetProxy = 3845E2B222400B7B0046ADAD /* PBXContainerItemProxy */;
		};
/* End PBXTargetDependency section */

/* Begin PBXVariantGroup section */
		3845E29922400B780046ADAD /* Main.storyboard */ = {
			isa = PBXVariantGroup;
			children = (
				3845E29A22400B780046ADAD /* Base */,
			);
			name = Main.storyboard;
			sourceTree = "<group>";
		};
		3845E29E22400B7B0046ADAD /* LaunchScreen.storyboard */ = {
			isa = PBXVariantGroup;
			children = (
				3845E29F22400B7B0046ADAD /* Base */,
			);
			name = LaunchScreen.storyboard;
			sourceTree = "<group>";
		};
/* End PBXVariantGroup section */

/* Begin XCBuildConfiguration section */
		3845E2B822400B7B0046ADAD /* Debug */ = {
			isa = XCBuildConfiguration;
			buildSettings = {
				ALWAYS_SEARCH_USER_PATHS = NO;
				CLANG_ANALYZER_NONNULL = YES;
				CLANG_ANALYZER_NUMBER_OBJECT_CONVERSION = YES_AGGRESSIVE;
				CLANG_CXX_LANGUAGE_STANDARD = "gnu++14";
				CLANG_CXX_LIBRARY = "libc++";
				CLANG_ENABLE_MODULES = YES;
				CLANG_ENABLE_OBJC_ARC = YES;
				CLANG_ENABLE_OBJC_WEAK = YES;
				CLANG_WARN_BLOCK_CAPTURE_AUTORELEASING = YES;
				CLANG_WARN_BOOL_CONVERSION = YES;
				CLANG_WARN_COMMA = YES;
				CLANG_WARN_CONSTANT_CONVERSION = YES;
				CLANG_WARN_DEPRECATED_OBJC_IMPLEMENTATIONS = YES;
				CLANG_WARN_DIRECT_OBJC_ISA_USAGE = YES_ERROR;
				CLANG_WARN_DOCUMENTATION_COMMENTS = YES;
				CLANG_WARN_EMPTY_BODY = YES;
				CLANG_WARN_ENUM_CONVERSION = YES;
				CLANG_WARN_INFINITE_RECURSION = YES;
				CLANG_WARN_INT_CONVERSION = YES;
				CLANG_WARN_NON_LITERAL_NULL_CONVERSION = YES;
				CLANG_WARN_OBJC_IMPLICIT_RETAIN_SELF = YES;
				CLANG_WARN_OBJC_LITERAL_CONVERSION = YES;
				CLANG_WARN_OBJC_ROOT_CLASS = YES_ERROR;
				CLANG_WARN_RANGE_LOOP_ANALYSIS = YES;
				CLANG_WARN_STRICT_PROTOTYPES = YES;
				CLANG_WARN_SUSPICIOUS_MOVE = YES;
				CLANG_WARN_UNGUARDED_AVAILABILITY = YES_AGGRESSIVE;
				CLANG_WARN_UNREACHABLE_CODE = YES;
				CLANG_WARN__DUPLICATE_METHOD_MATCH = YES;
				CODE_SIGN_IDENTITY = "iPhone Developer";
				COPY_PHASE_STRIP = NO;
				DEBUG_INFORMATION_FORMAT = dwarf;
				ENABLE_STRICT_OBJC_MSGSEND = YES;
				ENABLE_TESTABILITY = YES;
				GCC_C_LANGUAGE_STANDARD = gnu11;
				GCC_DYNAMIC_NO_PIC = NO;
				GCC_NO_COMMON_BLOCKS = YES;
				GCC_OPTIMIZATION_LEVEL = 0;
				GCC_PREPROCESSOR_DEFINITIONS = (
					"DEBUG=1",
					"$(inherited)",
				);
				GCC_WARN_64_TO_32_BIT_CONVERSION = YES;
				GCC_WARN_ABOUT_RETURN_TYPE = YES_ERROR;
				GCC_WARN_UNDECLARED_SELECTOR = YES;
				GCC_WARN_UNINITIALIZED_AUTOS = YES_AGGRESSIVE;
				GCC_WARN_UNUSED_FUNCTION = YES;
				GCC_WARN_UNUSED_VARIABLE = YES;
				IPHONEOS_DEPLOYMENT_TARGET = 12.1;
				MTL_ENABLE_DEBUG_INFO = INCLUDE_SOURCE;
				MTL_FAST_MATH = YES;
				ONLY_ACTIVE_ARCH = YES;
				SDKROOT = iphoneos;
				SWIFT_ACTIVE_COMPILATION_CONDITIONS = DEBUG;
				SWIFT_OPTIMIZATION_LEVEL = "-Onone";
			};
			name = Debug;
		};
		3845E2B922400B7B0046ADAD /* Release */ = {
			isa = XCBuildConfiguration;
			buildSettings = {
				ALWAYS_SEARCH_USER_PATHS = NO;
				CLANG_ANALYZER_NONNULL = YES;
				CLANG_ANALYZER_NUMBER_OBJECT_CONVERSION = YES_AGGRESSIVE;
				CLANG_CXX_LANGUAGE_STANDARD = "gnu++14";
				CLANG_CXX_LIBRARY = "libc++";
				CLANG_ENABLE_MODULES = YES;
				CLANG_ENABLE_OBJC_ARC = YES;
				CLANG_ENABLE_OBJC_WEAK = YES;
				CLANG_WARN_BLOCK_CAPTURE_AUTORELEASING = YES;
				CLANG_WARN_BOOL_CONVERSION = YES;
				CLANG_WARN_COMMA = YES;
				CLANG_WARN_CONSTANT_CONVERSION = YES;
				CLANG_WARN_DEPRECATED_OBJC_IMPLEMENTATIONS = YES;
				CLANG_WARN_DIRECT_OBJC_ISA_USAGE = YES_ERROR;
				CLANG_WARN_DOCUMENTATION_COMMENTS = YES;
				CLANG_WARN_EMPTY_BODY = YES;
				CLANG_WARN_ENUM_CONVERSION = YES;
				CLANG_WARN_INFINITE_RECURSION = YES;
				CLANG_WARN_INT_CONVERSION = YES;
				CLANG_WARN_NON_LITERAL_NULL_CONVERSION = YES;
				CLANG_WARN_OBJC_IMPLICIT_RETAIN_SELF = YES;
				CLANG_WARN_OBJC_LITERAL_CONVERSION = YES;
				CLANG_WARN_OBJC_ROOT_CLASS = YES_ERROR;
				CLANG_WARN_RANGE_LOOP_ANALYSIS = YES;
				CLANG_WARN_STRICT_PROTOTYPES = YES;
				CLANG_WARN_SUSPICIOUS_MOVE = YES;
				CLANG_WARN_UNGUARDED_AVAILABILITY = YES_AGGRESSIVE;
				CLANG_WARN_UNREACHABLE_CODE = YES;
				CLANG_WARN__DUPLICATE_METHOD_MATCH = YES;
				CODE_SIGN_IDENTITY = "iPhone Developer";
				COPY_PHASE_STRIP = NO;
				DEBUG_INFORMATION_FORMAT = "dwarf-with-dsym";
				ENABLE_NS_ASSERTIONS = NO;
				ENABLE_STRICT_OBJC_MSGSEND = YES;
				GCC_C_LANGUAGE_STANDARD = gnu11;
				GCC_NO_COMMON_BLOCKS = YES;
				GCC_WARN_64_TO_32_BIT_CONVERSION = YES;
				GCC_WARN_ABOUT_RETURN_TYPE = YES_ERROR;
				GCC_WARN_UNDECLARED_SELECTOR = YES;
				GCC_WARN_UNINITIALIZED_AUTOS = YES_AGGRESSIVE;
				GCC_WARN_UNUSED_FUNCTION = YES;
				GCC_WARN_UNUSED_VARIABLE = YES;
				IPHONEOS_DEPLOYMENT_TARGET = 12.1;
				MTL_ENABLE_DEBUG_INFO = NO;
				MTL_FAST_MATH = YES;
				SDKROOT = iphoneos;
				SWIFT_COMPILATION_MODE = wholemodule;
				SWIFT_OPTIMIZATION_LEVEL = "-O";
				VALIDATE_PRODUCT = YES;
			};
			name = Release;
		};
		3845E2BB22400B7B0046ADAD /* Debug */ = {
			isa = XCBuildConfiguration;
			buildSettings = {
				ASSETCATALOG_COMPILER_APPICON_NAME = AppIcon;
				CODE_SIGN_STYLE = Automatic;
				INFOPLIST_FILE = Question1/Info.plist;
				LD_RUNPATH_SEARCH_PATHS = (
					"$(inherited)",
					"@executable_path/Frameworks",
				);
				PRODUCT_BUNDLE_IDENTIFIER = com.tothenew.Question1;
				PRODUCT_NAME = "$(TARGET_NAME)";
				SWIFT_VERSION = 4.2;
				TARGETED_DEVICE_FAMILY = "1,2";
			};
			name = Debug;
		};
		3845E2BC22400B7B0046ADAD /* Release */ = {
			isa = XCBuildConfiguration;
			buildSettings = {
				ASSETCATALOG_COMPILER_APPICON_NAME = AppIcon;
				CODE_SIGN_STYLE = Automatic;
				INFOPLIST_FILE = Question1/Info.plist;
				LD_RUNPATH_SEARCH_PATHS = (
					"$(inherited)",
					"@executable_path/Frameworks",
				);
				PRODUCT_BUNDLE_IDENTIFIER = com.tothenew.Question1;
				PRODUCT_NAME = "$(TARGET_NAME)";
				SWIFT_VERSION = 4.2;
				TARGETED_DEVICE_FAMILY = "1,2";
			};
			name = Release;
		};
		3845E2BE22400B7B0046ADAD /* Debug */ = {
			isa = XCBuildConfiguration;
			buildSettings = {
				ALWAYS_EMBED_SWIFT_STANDARD_LIBRARIES = YES;
				BUNDLE_LOADER = "$(TEST_HOST)";
				CODE_SIGN_STYLE = Automatic;
				INFOPLIST_FILE = Question1Tests/Info.plist;
				LD_RUNPATH_SEARCH_PATHS = (
					"$(inherited)",
					"@executable_path/Frameworks",
					"@loader_path/Frameworks",
				);
				PRODUCT_BUNDLE_IDENTIFIER = com.tothenew.Question1Tests;
				PRODUCT_NAME = "$(TARGET_NAME)";
				SWIFT_VERSION = 4.2;
				TARGETED_DEVICE_FAMILY = "1,2";
				TEST_HOST = "$(BUILT_PRODUCTS_DIR)/Question1.app/Question1";
			};
			name = Debug;
		};
		3845E2BF22400B7B0046ADAD /* Release */ = {
			isa = XCBuildConfiguration;
			buildSettings = {
				ALWAYS_EMBED_SWIFT_STANDARD_LIBRARIES = YES;
				BUNDLE_LOADER = "$(TEST_HOST)";
				CODE_SIGN_STYLE = Automatic;
				INFOPLIST_FILE = Question1Tests/Info.plist;
				LD_RUNPATH_SEARCH_PATHS = (
					"$(inherited)",
					"@executable_path/Frameworks",
					"@loader_path/Frameworks",
				);
				PRODUCT_BUNDLE_IDENTIFIER = com.tothenew.Question1Tests;
				PRODUCT_NAME = "$(TARGET_NAME)";
				SWIFT_VERSION = 4.2;
				TARGETED_DEVICE_FAMILY = "1,2";
				TEST_HOST = "$(BUILT_PRODUCTS_DIR)/Question1.app/Question1";
			};
			name = Release;
		};
		3845E2C122400B7B0046ADAD /* Debug */ = {
			isa = XCBuildConfiguration;
			buildSettings = {
				ALWAYS_EMBED_SWIFT_STANDARD_LIBRARIES = YES;
				CODE_SIGN_STYLE = Automatic;
				INFOPLIST_FILE = Question1UITests/Info.plist;
				LD_RUNPATH_SEARCH_PATHS = (
					"$(inherited)",
					"@executable_path/Frameworks",
					"@loader_path/Frameworks",
				);
				PRODUCT_BUNDLE_IDENTIFIER = com.tothenew.Question1UITests;
				PRODUCT_NAME = "$(TARGET_NAME)";
				SWIFT_VERSION = 4.2;
				TARGETED_DEVICE_FAMILY = "1,2";
				TEST_TARGET_NAME = Question1;
			};
			name = Debug;
		};
		3845E2C222400B7B0046ADAD /* Release */ = {
			isa = XCBuildConfiguration;
			buildSettings = {
				ALWAYS_EMBED_SWIFT_STANDARD_LIBRARIES = YES;
				CODE_SIGN_STYLE = Automatic;
				INFOPLIST_FILE = Question1UITests/Info.plist;
				LD_RUNPATH_SEARCH_PATHS = (
					"$(inherited)",
					"@executable_path/Frameworks",
					"@loader_path/Frameworks",
				);
				PRODUCT_BUNDLE_IDENTIFIER = com.tothenew.Question1UITests;
				PRODUCT_NAME = "$(TARGET_NAME)";
				SWIFT_VERSION = 4.2;
				TARGETED_DEVICE_FAMILY = "1,2";
				TEST_TARGET_NAME = Question1;
			};
			name = Release;
		};
/* End XCBuildConfiguration section */

/* Begin XCConfigurationList section */
		3845E28D22400B780046ADAD /* Build configuration list for PBXProject "Question1" */ = {
			isa = XCConfigurationList;
			buildConfigurations = (
				3845E2B822400B7B0046ADAD /* Debug */,
				3845E2B922400B7B0046ADAD /* Release */,
			);
			defaultConfigurationIsVisible = 0;
			defaultConfigurationName = Release;
		};
		3845E2BA22400B7B0046ADAD /* Build configuration list for PBXNativeTarget "Question1" */ = {
			isa = XCConfigurationList;
			buildConfigurations = (
				3845E2BB22400B7B0046ADAD /* Debug */,
				3845E2BC22400B7B0046ADAD /* Release */,
			);
			defaultConfigurationIsVisible = 0;
			defaultConfigurationName = Release;
		};
		3845E2BD22400B7B0046ADAD /* Build configuration list for PBXNativeTarget "Question1Tests" */ = {
			isa = XCConfigurationList;
			buildConfigurations = (
				3845E2BE22400B7B0046ADAD /* Debug */,
				3845E2BF22400B7B0046ADAD /* Release */,
			);
			defaultConfigurationIsVisible = 0;
			defaultConfigurationName = Release;
		};
		3845E2C022400B7B0046ADAD /* Build configuration list for PBXNativeTarget "Question1UITests" */ = {
			isa = XCConfigurationList;
			buildConfigurations = (
				3845E2C122400B7B0046ADAD /* Debug */,
				3845E2C222400B7B0046ADAD /* Release */,
			);
			defaultConfigurationIsVisible = 0;
			defaultConfigurationName = Release;
		};
/* End XCConfigurationList section */
	};
	rootObject = 3845E28A22400B780046ADAD /* Project object */;
}
