// !$*UTF8*$!
{
	archiveVersion = 1;
	classes = {
	};
	objectVersion = 50;
	objects = {

/* Begin PBXBuildFile section */
		38E492142239245F00DB7310 /* AppDelegate.swift in Sources */ = {isa = PBXBuildFile; fileRef = 38E492132239245F00DB7310 /* AppDelegate.swift */; };
		38E492162239245F00DB7310 /* ViewController.swift in Sources */ = {isa = PBXBuildFile; fileRef = 38E492152239245F00DB7310 /* ViewController.swift */; };
		38E492192239245F00DB7310 /* Main.storyboard in Resources */ = {isa = PBXBuildFile; fileRef = 38E492172239245F00DB7310 /* Main.storyboard */; };
		38E4921B2239246000DB7310 /* Assets.xcassets in Resources */ = {isa = PBXBuildFile; fileRef = 38E4921A2239246000DB7310 /* Assets.xcassets */; };
		38E4921E2239246000DB7310 /* LaunchScreen.storyboard in Resources */ = {isa = PBXBuildFile; fileRef = 38E4921C2239246000DB7310 /* LaunchScreen.storyboard */; };
		38E492292239246000DB7310 /* Question2Tests.swift in Sources */ = {isa = PBXBuildFile; fileRef = 38E492282239246000DB7310 /* Question2Tests.swift */; };
		38E492342239246000DB7310 /* Question2UITests.swift in Sources */ = {isa = PBXBuildFile; fileRef = 38E492332239246000DB7310 /* Question2UITests.swift */; };
/* End PBXBuildFile section */

/* Begin PBXContainerItemProxy section */
		38E492252239246000DB7310 /* PBXContainerItemProxy */ = {
			isa = PBXContainerItemProxy;
			containerPortal = 38E492082239245F00DB7310 /* Project object */;
			proxyType = 1;
			remoteGlobalIDString = 38E4920F2239245F00DB7310;
			remoteInfo = Question2;
		};
		38E492302239246000DB7310 /* PBXContainerItemProxy */ = {
			isa = PBXContainerItemProxy;
			containerPortal = 38E492082239245F00DB7310 /* Project object */;
			proxyType = 1;
			remoteGlobalIDString = 38E4920F2239245F00DB7310;
			remoteInfo = Question2;
		};
/* End PBXContainerItemProxy section */

/* Begin PBXFileReference section */
		38E492102239245F00DB7310 /* Question2.app */ = {isa = PBXFileReference; explicitFileType = wrapper.application; includeInIndex = 0; path = Question2.app; sourceTree = BUILT_PRODUCTS_DIR; };
		38E492132239245F00DB7310 /* AppDelegate.swift */ = {isa = PBXFileReference; lastKnownFileType = sourcecode.swift; path = AppDelegate.swift; sourceTree = "<group>"; };
		38E492152239245F00DB7310 /* ViewController.swift */ = {isa = PBXFileReference; lastKnownFileType = sourcecode.swift; path = ViewController.swift; sourceTree = "<group>"; };
		38E492182239245F00DB7310 /* Base */ = {isa = PBXFileReference; lastKnownFileType = file.storyboard; name = Base; path = Base.lproj/Main.storyboard; sourceTree = "<group>"; };
		38E4921A2239246000DB7310 /* Assets.xcassets */ = {isa = PBXFileReference; lastKnownFileType = folder.assetcatalog; path = Assets.xcassets; sourceTree = "<group>"; };
		38E4921D2239246000DB7310 /* Base */ = {isa = PBXFileReference; lastKnownFileType = file.storyboard; name = Base; path = Base.lproj/LaunchScreen.storyboard; sourceTree = "<group>"; };
		38E4921F2239246000DB7310 /* Info.plist */ = {isa = PBXFileReference; lastKnownFileType = text.plist.xml; path = Info.plist; sourceTree = "<group>"; };
		38E492242239246000DB7310 /* Question2Tests.xctest */ = {isa = PBXFileReference; explicitFileType = wrapper.cfbundle; includeInIndex = 0; path = Question2Tests.xctest; sourceTree = BUILT_PRODUCTS_DIR; };
		38E492282239246000DB7310 /* Question2Tests.swift */ = {isa = PBXFileReference; lastKnownFileType = sourcecode.swift; path = Question2Tests.swift; sourceTree = "<group>"; };
		38E4922A2239246000DB7310 /* Info.plist */ = {isa = PBXFileReference; lastKnownFileType = text.plist.xml; path = Info.plist; sourceTree = "<group>"; };
		38E4922F2239246000DB7310 /* Question2UITests.xctest */ = {isa = PBXFileReference; explicitFileType = wrapper.cfbundle; includeInIndex = 0; path = Question2UITests.xctest; sourceTree = BUILT_PRODUCTS_DIR; };
		38E492332239246000DB7310 /* Question2UITests.swift */ = {isa = PBXFileReference; lastKnownFileType = sourcecode.swift; path = Question2UITests.swift; sourceTree = "<group>"; };
		38E492352239246000DB7310 /* Info.plist */ = {isa = PBXFileReference; lastKnownFileType = text.plist.xml; path = Info.plist; sourceTree = "<group>"; };
/* End PBXFileReference section */

/* Begin PBXFrameworksBuildPhase section */
		38E4920D2239245F00DB7310 /* Frameworks */ = {
			isa = PBXFrameworksBuildPhase;
			buildActionMask = 2147483647;
			files = (
			);
			runOnlyForDeploymentPostprocessing = 0;
		};
		38E492212239246000DB7310 /* Frameworks */ = {
			isa = PBXFrameworksBuildPhase;
			buildActionMask = 2147483647;
			files = (
			);
			runOnlyForDeploymentPostprocessing = 0;
		};
		38E4922C2239246000DB7310 /* Frameworks */ = {
			isa = PBXFrameworksBuildPhase;
			buildActionMask = 2147483647;
			files = (
			);
			runOnlyForDeploymentPostprocessing = 0;
		};
/* End PBXFrameworksBuildPhase section */

/* Begin PBXGroup section */
		38E492072239245F00DB7310 = {
			isa = PBXGroup;
			children = (
				38E492122239245F00DB7310 /* Question2 */,
				38E492272239246000DB7310 /* Question2Tests */,
				38E492322239246000DB7310 /* Question2UITests */,
				38E492112239245F00DB7310 /* Products */,
			);
			sourceTree = "<group>";
		};
		38E492112239245F00DB7310 /* Products */ = {
			isa = PBXGroup;
			children = (
				38E492102239245F00DB7310 /* Question2.app */,
				38E492242239246000DB7310 /* Question2Tests.xctest */,
				38E4922F2239246000DB7310 /* Question2UITests.xctest */,
			);
			name = Products;
			sourceTree = "<group>";
		};
		38E492122239245F00DB7310 /* Question2 */ = {
			isa = PBXGroup;
			children = (
				38E492132239245F00DB7310 /* AppDelegate.swift */,
				38E492152239245F00DB7310 /* ViewController.swift */,
				38E492172239245F00DB7310 /* Main.storyboard */,
				38E4921A2239246000DB7310 /* Assets.xcassets */,
				38E4921C2239246000DB7310 /* LaunchScreen.storyboard */,
				38E4921F2239246000DB7310 /* Info.plist */,
			);
			path = Question2;
			sourceTree = "<group>";
		};
		38E492272239246000DB7310 /* Question2Tests */ = {
			isa = PBXGroup;
			children = (
				38E492282239246000DB7310 /* Question2Tests.swift */,
				38E4922A2239246000DB7310 /* Info.plist */,
			);
			path = Question2Tests;
			sourceTree = "<group>";
		};
		38E492322239246000DB7310 /* Question2UITests */ = {
			isa = PBXGroup;
			children = (
				38E492332239246000DB7310 /* Question2UITests.swift */,
				38E492352239246000DB7310 /* Info.plist */,
			);
			path = Question2UITests;
			sourceTree = "<group>";
		};
/* End PBXGroup section */

/* Begin PBXNativeTarget section */
		38E4920F2239245F00DB7310 /* Question2 */ = {
			isa = PBXNativeTarget;
			buildConfigurationList = 38E492382239246000DB7310 /* Build configuration list for PBXNativeTarget "Question2" */;
			buildPhases = (
				38E4920C2239245F00DB7310 /* Sources */,
				38E4920D2239245F00DB7310 /* Frameworks */,
				38E4920E2239245F00DB7310 /* Resources */,
			);
			buildRules = (
			);
			dependencies = (
			);
			name = Question2;
			productName = Question2;
			productReference = 38E492102239245F00DB7310 /* Question2.app */;
			productType = "com.apple.product-type.application";
		};
		38E492232239246000DB7310 /* Question2Tests */ = {
			isa = PBXNativeTarget;
			buildConfigurationList = 38E4923B2239246000DB7310 /* Build configuration list for PBXNativeTarget "Question2Tests" */;
			buildPhases = (
				38E492202239246000DB7310 /* Sources */,
				38E492212239246000DB7310 /* Frameworks */,
				38E492222239246000DB7310 /* Resources */,
			);
			buildRules = (
			);
			dependencies = (
				38E492262239246000DB7310 /* PBXTargetDependency */,
			);
			name = Question2Tests;
			productName = Question2Tests;
			productReference = 38E492242239246000DB7310 /* Question2Tests.xctest */;
			productType = "com.apple.product-type.bundle.unit-test";
		};
		38E4922E2239246000DB7310 /* Question2UITests */ = {
			isa = PBXNativeTarget;
			buildConfigurationList = 38E4923E2239246000DB7310 /* Build configuration list for PBXNativeTarget "Question2UITests" */;
			buildPhases = (
				38E4922B2239246000DB7310 /* Sources */,
				38E4922C2239246000DB7310 /* Frameworks */,
				38E4922D2239246000DB7310 /* Resources */,
			);
			buildRules = (
			);
			dependencies = (
				38E492312239246000DB7310 /* PBXTargetDependency */,
			);
			name = Question2UITests;
			productName = Question2UITests;
			productReference = 38E4922F2239246000DB7310 /* Question2UITests.xctest */;
			productType = "com.apple.product-type.bundle.ui-testing";
		};
/* End PBXNativeTarget section */

/* Begin PBXProject section */
		38E492082239245F00DB7310 /* Project object */ = {
			isa = PBXProject;
			attributes = {
				LastSwiftUpdateCheck = 1010;
				LastUpgradeCheck = 1010;
				ORGANIZATIONNAME = "Akash Verma";
				TargetAttributes = {
					38E4920F2239245F00DB7310 = {
						CreatedOnToolsVersion = 10.1;
					};
					38E492232239246000DB7310 = {
						CreatedOnToolsVersion = 10.1;
						TestTargetID = 38E4920F2239245F00DB7310;
					};
					38E4922E2239246000DB7310 = {
						CreatedOnToolsVersion = 10.1;
						TestTargetID = 38E4920F2239245F00DB7310;
					};
				};
			};
			buildConfigurationList = 38E4920B2239245F00DB7310 /* Build configuration list for PBXProject "Question2" */;
			compatibilityVersion = "Xcode 9.3";
			developmentRegion = en;
			hasScannedForEncodings = 0;
			knownRegions = (
				en,
				Base,
			);
			mainGroup = 38E492072239245F00DB7310;
			productRefGroup = 38E492112239245F00DB7310 /* Products */;
			projectDirPath = "";
			projectRoot = "";
			targets = (
				38E4920F2239245F00DB7310 /* Question2 */,
				38E492232239246000DB7310 /* Question2Tests */,
				38E4922E2239246000DB7310 /* Question2UITests */,
			);
		};
/* End PBXProject section */

/* Begin PBXResourcesBuildPhase section */
		38E4920E2239245F00DB7310 /* Resources */ = {
			isa = PBXResourcesBuildPhase;
			buildActionMask = 2147483647;
			files = (
				38E4921E2239246000DB7310 /* LaunchScreen.storyboard in Resources */,
				38E4921B2239246000DB7310 /* Assets.xcassets in Resources */,
				38E492192239245F00DB7310 /* Main.storyboard in Resources */,
			);
			runOnlyForDeploymentPostprocessing = 0;
		};
		38E492222239246000DB7310 /* Resources */ = {
			isa = PBXResourcesBuildPhase;
			buildActionMask = 2147483647;
			files = (
			);
			runOnlyForDeploymentPostprocessing = 0;
		};
		38E4922D2239246000DB7310 /* Resources */ = {
			isa = PBXResourcesBuildPhase;
			buildActionMask = 2147483647;
			files = (
			);
			runOnlyForDeploymentPostprocessing = 0;
		};
/* End PBXResourcesBuildPhase section */

/* Begin PBXSourcesBuildPhase section */
		38E4920C2239245F00DB7310 /* Sources */ = {
			isa = PBXSourcesBuildPhase;
			buildActionMask = 2147483647;
			files = (
				38E492162239245F00DB7310 /* ViewController.swift in Sources */,
				38E492142239245F00DB7310 /* AppDelegate.swift in Sources */,
			);
			runOnlyForDeploymentPostprocessing = 0;
		};
		38E492202239246000DB7310 /* Sources */ = {
			isa = PBXSourcesBuildPhase;
			buildActionMask = 2147483647;
			files = (
				38E492292239246000DB7310 /* Question2Tests.swift in Sources */,
			);
			runOnlyForDeploymentPostprocessing = 0;
		};
		38E4922B2239246000DB7310 /* Sources */ = {
			isa = PBXSourcesBuildPhase;
			buildActionMask = 2147483647;
			files = (
				38E492342239246000DB7310 /* Question2UITests.swift in Sources */,
			);
			runOnlyForDeploymentPostprocessing = 0;
		};
/* End PBXSourcesBuildPhase section */

/* Begin PBXTargetDependency section */
		38E492262239246000DB7310 /* PBXTargetDependency */ = {
			isa = PBXTargetDependency;
			target = 38E4920F2239245F00DB7310 /* Question2 */;
			targetProxy = 38E492252239246000DB7310 /* PBXContainerItemProxy */;
		};
		38E492312239246000DB7310 /* PBXTargetDependency */ = {
			isa = PBXTargetDependency;
			target = 38E4920F2239245F00DB7310 /* Question2 */;
			targetProxy = 38E492302239246000DB7310 /* PBXContainerItemProxy */;
		};
/* End PBXTargetDependency section */

/* Begin PBXVariantGroup section */
		38E492172239245F00DB7310 /* Main.storyboard */ = {
			isa = PBXVariantGroup;
			children = (
				38E492182239245F00DB7310 /* Base */,
			);
			name = Main.storyboard;
			sourceTree = "<group>";
		};
		38E4921C2239246000DB7310 /* LaunchScreen.storyboard */ = {
			isa = PBXVariantGroup;
			children = (
				38E4921D2239246000DB7310 /* Base */,
			);
			name = LaunchScreen.storyboard;
			sourceTree = "<group>";
		};
/* End PBXVariantGroup section */

/* Begin XCBuildConfiguration section */
		38E492362239246000DB7310 /* Debug */ = {
			isa = XCBuildConfiguration;
			buildSettings = {
				ALWAYS_SEARCH_USER_PATHS = NO;
				CLANG_ANALYZER_NONNULL = YES;
				CLANG_ANALYZER_NUMBER_OBJECT_CONVERSION = YES_AGGRESSIVE;
				CLANG_CXX_LANGUAGE_STANDARD = "gnu++14";
				CLANG_CXX_LIBRARY = "libc++";
				CLANG_ENABLE_MODULES = YES;
				CLANG_ENABLE_OBJC_ARC = YES;
				CLANG_ENABLE_OBJC_WEAK = YES;
				CLANG_WARN_BLOCK_CAPTURE_AUTORELEASING = YES;
				CLANG_WARN_BOOL_CONVERSION = YES;
				CLANG_WARN_COMMA = YES;
				CLANG_WARN_CONSTANT_CONVERSION = YES;
				CLANG_WARN_DEPRECATED_OBJC_IMPLEMENTATIONS = YES;
				CLANG_WARN_DIRECT_OBJC_ISA_USAGE = YES_ERROR;
				CLANG_WARN_DOCUMENTATION_COMMENTS = YES;
				CLANG_WARN_EMPTY_BODY = YES;
				CLANG_WARN_ENUM_CONVERSION = YES;
				CLANG_WARN_INFINITE_RECURSION = YES;
				CLANG_WARN_INT_CONVERSION = YES;
				CLANG_WARN_NON_LITERAL_NULL_CONVERSION = YES;
				CLANG_WARN_OBJC_IMPLICIT_RETAIN_SELF = YES;
				CLANG_WARN_OBJC_LITERAL_CONVERSION = YES;
				CLANG_WARN_OBJC_ROOT_CLASS = YES_ERROR;
				CLANG_WARN_RANGE_LOOP_ANALYSIS = YES;
				CLANG_WARN_STRICT_PROTOTYPES = YES;
				CLANG_WARN_SUSPICIOUS_MOVE = YES;
				CLANG_WARN_UNGUARDED_AVAILABILITY = YES_AGGRESSIVE;
				CLANG_WARN_UNREACHABLE_CODE = YES;
				CLANG_WARN__DUPLICATE_METHOD_MATCH = YES;
				CODE_SIGN_IDENTITY = "iPhone Developer";
				COPY_PHASE_STRIP = NO;
				DEBUG_INFORMATION_FORMAT = dwarf;
				ENABLE_STRICT_OBJC_MSGSEND = YES;
				ENABLE_TESTABILITY = YES;
				GCC_C_LANGUAGE_STANDARD = gnu11;
				GCC_DYNAMIC_NO_PIC = NO;
				GCC_NO_COMMON_BLOCKS = YES;
				GCC_OPTIMIZATION_LEVEL = 0;
				GCC_PREPROCESSOR_DEFINITIONS = (
					"DEBUG=1",
					"$(inherited)",
				);
				GCC_WARN_64_TO_32_BIT_CONVERSION = YES;
				GCC_WARN_ABOUT_RETURN_TYPE = YES_ERROR;
				GCC_WARN_UNDECLARED_SELECTOR = YES;
				GCC_WARN_UNINITIALIZED_AUTOS = YES_AGGRESSIVE;
				GCC_WARN_UNUSED_FUNCTION = YES;
				GCC_WARN_UNUSED_VARIABLE = YES;
				IPHONEOS_DEPLOYMENT_TARGET = 12.1;
				MTL_ENABLE_DEBUG_INFO = INCLUDE_SOURCE;
				MTL_FAST_MATH = YES;
				ONLY_ACTIVE_ARCH = YES;
				SDKROOT = iphoneos;
				SWIFT_ACTIVE_COMPILATION_CONDITIONS = DEBUG;
				SWIFT_OPTIMIZATION_LEVEL = "-Onone";
			};
			name = Debug;
		};
		38E492372239246000DB7310 /* Release */ = {
			isa = XCBuildConfiguration;
			buildSettings = {
				ALWAYS_SEARCH_USER_PATHS = NO;
				CLANG_ANALYZER_NONNULL = YES;
				CLANG_ANALYZER_NUMBER_OBJECT_CONVERSION = YES_AGGRESSIVE;
				CLANG_CXX_LANGUAGE_STANDARD = "gnu++14";
				CLANG_CXX_LIBRARY = "libc++";
				CLANG_ENABLE_MODULES = YES;
				CLANG_ENABLE_OBJC_ARC = YES;
				CLANG_ENABLE_OBJC_WEAK = YES;
				CLANG_WARN_BLOCK_CAPTURE_AUTORELEASING = YES;
				CLANG_WARN_BOOL_CONVERSION = YES;
				CLANG_WARN_COMMA = YES;
				CLANG_WARN_CONSTANT_CONVERSION = YES;
				CLANG_WARN_DEPRECATED_OBJC_IMPLEMENTATIONS = YES;
				CLANG_WARN_DIRECT_OBJC_ISA_USAGE = YES_ERROR;
				CLANG_WARN_DOCUMENTATION_COMMENTS = YES;
				CLANG_WARN_EMPTY_BODY = YES;
				CLANG_WARN_ENUM_CONVERSION = YES;
				CLANG_WARN_INFINITE_RECURSION = YES;
				CLANG_WARN_INT_CONVERSION = YES;
				CLANG_WARN_NON_LITERAL_NULL_CONVERSION = YES;
				CLANG_WARN_OBJC_IMPLICIT_RETAIN_SELF = YES;
				CLANG_WARN_OBJC_LITERAL_CONVERSION = YES;
				CLANG_WARN_OBJC_ROOT_CLASS = YES_ERROR;
				CLANG_WARN_RANGE_LOOP_ANALYSIS = YES;
				CLANG_WARN_STRICT_PROTOTYPES = YES;
				CLANG_WARN_SUSPICIOUS_MOVE = YES;
				CLANG_WARN_UNGUARDED_AVAILABILITY = YES_AGGRESSIVE;
				CLANG_WARN_UNREACHABLE_CODE = YES;
				CLANG_WARN__DUPLICATE_METHOD_MATCH = YES;
				CODE_SIGN_IDENTITY = "iPhone Developer";
				COPY_PHASE_STRIP = NO;
				DEBUG_INFORMATION_FORMAT = "dwarf-with-dsym";
				ENABLE_NS_ASSERTIONS = NO;
				ENABLE_STRICT_OBJC_MSGSEND = YES;
				GCC_C_LANGUAGE_STANDARD = gnu11;
				GCC_NO_COMMON_BLOCKS = YES;
				GCC_WARN_64_TO_32_BIT_CONVERSION = YES;
				GCC_WARN_ABOUT_RETURN_TYPE = YES_ERROR;
				GCC_WARN_UNDECLARED_SELECTOR = YES;
				GCC_WARN_UNINITIALIZED_AUTOS = YES_AGGRESSIVE;
				GCC_WARN_UNUSED_FUNCTION = YES;
				GCC_WARN_UNUSED_VARIABLE = YES;
				IPHONEOS_DEPLOYMENT_TARGET = 12.1;
				MTL_ENABLE_DEBUG_INFO = NO;
				MTL_FAST_MATH = YES;
				SDKROOT = iphoneos;
				SWIFT_COMPILATION_MODE = wholemodule;
				SWIFT_OPTIMIZATION_LEVEL = "-O";
				VALIDATE_PRODUCT = YES;
			};
			name = Release;
		};
		38E492392239246000DB7310 /* Debug */ = {
			isa = XCBuildConfiguration;
			buildSettings = {
				ASSETCATALOG_COMPILER_APPICON_NAME = AppIcon;
				CODE_SIGN_STYLE = Automatic;
				INFOPLIST_FILE = Question2/Info.plist;
				LD_RUNPATH_SEARCH_PATHS = (
					"$(inherited)",
					"@executable_path/Frameworks",
				);
				PRODUCT_BUNDLE_IDENTIFIER = com.tothenew.Question2;
				PRODUCT_NAME = "$(TARGET_NAME)";
				SWIFT_VERSION = 4.2;
				TARGETED_DEVICE_FAMILY = "1,2";
			};
			name = Debug;
		};
		38E4923A2239246000DB7310 /* Release */ = {
			isa = XCBuildConfiguration;
			buildSettings = {
				ASSETCATALOG_COMPILER_APPICON_NAME = AppIcon;
				CODE_SIGN_STYLE = Automatic;
				INFOPLIST_FILE = Question2/Info.plist;
				LD_RUNPATH_SEARCH_PATHS = (
					"$(inherited)",
					"@executable_path/Frameworks",
				);
				PRODUCT_BUNDLE_IDENTIFIER = com.tothenew.Question2;
				PRODUCT_NAME = "$(TARGET_NAME)";
				SWIFT_VERSION = 4.2;
				TARGETED_DEVICE_FAMILY = "1,2";
			};
			name = Release;
		};
		38E4923C2239246000DB7310 /* Debug */ = {
			isa = XCBuildConfiguration;
			buildSettings = {
				ALWAYS_EMBED_SWIFT_STANDARD_LIBRARIES = YES;
				BUNDLE_LOADER = "$(TEST_HOST)";
				CODE_SIGN_STYLE = Automatic;
				INFOPLIST_FILE = Question2Tests/Info.plist;
				LD_RUNPATH_SEARCH_PATHS = (
					"$(inherited)",
					"@executable_path/Frameworks",
					"@loader_path/Frameworks",
				);
				PRODUCT_BUNDLE_IDENTIFIER = com.tothenew.Question2Tests;
				PRODUCT_NAME = "$(TARGET_NAME)";
				SWIFT_VERSION = 4.2;
				TARGETED_DEVICE_FAMILY = "1,2";
				TEST_HOST = "$(BUILT_PRODUCTS_DIR)/Question2.app/Question2";
			};
			name = Debug;
		};
		38E4923D2239246000DB7310 /* Release */ = {
			isa = XCBuildConfiguration;
			buildSettings = {
				ALWAYS_EMBED_SWIFT_STANDARD_LIBRARIES = YES;
				BUNDLE_LOADER = "$(TEST_HOST)";
				CODE_SIGN_STYLE = Automatic;
				INFOPLIST_FILE = Question2Tests/Info.plist;
				LD_RUNPATH_SEARCH_PATHS = (
					"$(inherited)",
					"@executable_path/Frameworks",
					"@loader_path/Frameworks",
				);
				PRODUCT_BUNDLE_IDENTIFIER = com.tothenew.Question2Tests;
				PRODUCT_NAME = "$(TARGET_NAME)";
				SWIFT_VERSION = 4.2;
				TARGETED_DEVICE_FAMILY = "1,2";
				TEST_HOST = "$(BUILT_PRODUCTS_DIR)/Question2.app/Question2";
			};
			name = Release;
		};
		38E4923F2239246000DB7310 /* Debug */ = {
			isa = XCBuildConfiguration;
			buildSettings = {
				ALWAYS_EMBED_SWIFT_STANDARD_LIBRARIES = YES;
				CODE_SIGN_STYLE = Automatic;
				INFOPLIST_FILE = Question2UITests/Info.plist;
				LD_RUNPATH_SEARCH_PATHS = (
					"$(inherited)",
					"@executable_path/Frameworks",
					"@loader_path/Frameworks",
				);
				PRODUCT_BUNDLE_IDENTIFIER = com.tothenew.Question2UITests;
				PRODUCT_NAME = "$(TARGET_NAME)";
				SWIFT_VERSION = 4.2;
				TARGETED_DEVICE_FAMILY = "1,2";
				TEST_TARGET_NAME = Question2;
			};
			name = Debug;
		};
		38E492402239246000DB7310 /* Release */ = {
			isa = XCBuildConfiguration;
			buildSettings = {
				ALWAYS_EMBED_SWIFT_STANDARD_LIBRARIES = YES;
				CODE_SIGN_STYLE = Automatic;
				INFOPLIST_FILE = Question2UITests/Info.plist;
				LD_RUNPATH_SEARCH_PATHS = (
					"$(inherited)",
					"@executable_path/Frameworks",
					"@loader_path/Frameworks",
				);
				PRODUCT_BUNDLE_IDENTIFIER = com.tothenew.Question2UITests;
				PRODUCT_NAME = "$(TARGET_NAME)";
				SWIFT_VERSION = 4.2;
				TARGETED_DEVICE_FAMILY = "1,2";
				TEST_TARGET_NAME = Question2;
			};
			name = Release;
		};
/* End XCBuildConfiguration section */

/* Begin XCConfigurationList section */
		38E4920B2239245F00DB7310 /* Build configuration list for PBXProject "Question2" */ = {
			isa = XCConfigurationList;
			buildConfigurations = (
				38E492362239246000DB7310 /* Debug */,
				38E492372239246000DB7310 /* Release */,
			);
			defaultConfigurationIsVisible = 0;
			defaultConfigurationName = Release;
		};
		38E492382239246000DB7310 /* Build configuration list for PBXNativeTarget "Question2" */ = {
			isa = XCConfigurationList;
			buildConfigurations = (
				38E492392239246000DB7310 /* Debug */,
				38E4923A2239246000DB7310 /* Release */,
			);
			defaultConfigurationIsVisible = 0;
			defaultConfigurationName = Release;
		};
		38E4923B2239246000DB7310 /* Build configuration list for PBXNativeTarget "Question2Tests" */ = {
			isa = XCConfigurationList;
			buildConfigurations = (
				38E4923C2239246000DB7310 /* Debug */,
				38E4923D2239246000DB7310 /* Release */,
			);
			defaultConfigurationIsVisible = 0;
			defaultConfigurationName = Release;
		};
		38E4923E2239246000DB7310 /* Build configuration list for PBXNativeTarget "Question2UITests" */ = {
			isa = XCConfigurationList;
			buildConfigurations = (
				38E4923F2239246000DB7310 /* Debug */,
				38E492402239246000DB7310 /* Release */,
			);
			defaultConfigurationIsVisible = 0;
			defaultConfigurationName = Release;
		};
/* End XCConfigurationList section */
	};
	rootObject = 38E492082239245F00DB7310 /* Project object */;
}
