// !$*UTF8*$!
{
	archiveVersion = 1;
	classes = {
	};
	objectVersion = 50;
	objects = {

/* Begin PBXBuildFile section */
		38A0728722358559007C2195 /* AppDelegate.swift in Sources */ = {isa = PBXBuildFile; fileRef = 38A0728622358559007C2195 /* AppDelegate.swift */; };
		38A0728922358559007C2195 /* ViewController.swift in Sources */ = {isa = PBXBuildFile; fileRef = 38A0728822358559007C2195 /* ViewController.swift */; };
		38A0728C22358559007C2195 /* Main.storyboard in Resources */ = {isa = PBXBuildFile; fileRef = 38A0728A22358559007C2195 /* Main.storyboard */; };
		38A0728E22358559007C2195 /* Assets.xcassets in Resources */ = {isa = PBXBuildFile; fileRef = 38A0728D22358559007C2195 /* Assets.xcassets */; };
		38A0729122358559007C2195 /* LaunchScreen.storyboard in Resources */ = {isa = PBXBuildFile; fileRef = 38A0728F22358559007C2195 /* LaunchScreen.storyboard */; };
		38A0729C2235855A007C2195 /* Question4Tests.swift in Sources */ = {isa = PBXBuildFile; fileRef = 38A0729B2235855A007C2195 /* Question4Tests.swift */; };
		38A072A72235855A007C2195 /* Question4UITests.swift in Sources */ = {isa = PBXBuildFile; fileRef = 38A072A62235855A007C2195 /* Question4UITests.swift */; };
/* End PBXBuildFile section */

/* Begin PBXContainerItemProxy section */
		38A0729822358559007C2195 /* PBXContainerItemProxy */ = {
			isa = PBXContainerItemProxy;
			containerPortal = 38A0727B22358559007C2195 /* Project object */;
			proxyType = 1;
			remoteGlobalIDString = 38A0728222358559007C2195;
			remoteInfo = Question4;
		};
		38A072A32235855A007C2195 /* PBXContainerItemProxy */ = {
			isa = PBXContainerItemProxy;
			containerPortal = 38A0727B22358559007C2195 /* Project object */;
			proxyType = 1;
			remoteGlobalIDString = 38A0728222358559007C2195;
			remoteInfo = Question4;
		};
/* End PBXContainerItemProxy section */

/* Begin PBXFileReference section */
		38A0728322358559007C2195 /* Question4.app */ = {isa = PBXFileReference; explicitFileType = wrapper.application; includeInIndex = 0; path = Question4.app; sourceTree = BUILT_PRODUCTS_DIR; };
		38A0728622358559007C2195 /* AppDelegate.swift */ = {isa = PBXFileReference; lastKnownFileType = sourcecode.swift; path = AppDelegate.swift; sourceTree = "<group>"; };
		38A0728822358559007C2195 /* ViewController.swift */ = {isa = PBXFileReference; lastKnownFileType = sourcecode.swift; path = ViewController.swift; sourceTree = "<group>"; };
		38A0728B22358559007C2195 /* Base */ = {isa = PBXFileReference; lastKnownFileType = file.storyboard; name = Base; path = Base.lproj/Main.storyboard; sourceTree = "<group>"; };
		38A0728D22358559007C2195 /* Assets.xcassets */ = {isa = PBXFileReference; lastKnownFileType = folder.assetcatalog; path = Assets.xcassets; sourceTree = "<group>"; };
		38A0729022358559007C2195 /* Base */ = {isa = PBXFileReference; lastKnownFileType = file.storyboard; name = Base; path = Base.lproj/LaunchScreen.storyboard; sourceTree = "<group>"; };
		38A0729222358559007C2195 /* Info.plist */ = {isa = PBXFileReference; lastKnownFileType = text.plist.xml; path = Info.plist; sourceTree = "<group>"; };
		38A0729722358559007C2195 /* Question4Tests.xctest */ = {isa = PBXFileReference; explicitFileType = wrapper.cfbundle; includeInIndex = 0; path = Question4Tests.xctest; sourceTree = BUILT_PRODUCTS_DIR; };
		38A0729B2235855A007C2195 /* Question4Tests.swift */ = {isa = PBXFileReference; lastKnownFileType = sourcecode.swift; path = Question4Tests.swift; sourceTree = "<group>"; };
		38A0729D2235855A007C2195 /* Info.plist */ = {isa = PBXFileReference; lastKnownFileType = text.plist.xml; path = Info.plist; sourceTree = "<group>"; };
		38A072A22235855A007C2195 /* Question4UITests.xctest */ = {isa = PBXFileReference; explicitFileType = wrapper.cfbundle; includeInIndex = 0; path = Question4UITests.xctest; sourceTree = BUILT_PRODUCTS_DIR; };
		38A072A62235855A007C2195 /* Question4UITests.swift */ = {isa = PBXFileReference; lastKnownFileType = sourcecode.swift; path = Question4UITests.swift; sourceTree = "<group>"; };
		38A072A82235855A007C2195 /* Info.plist */ = {isa = PBXFileReference; lastKnownFileType = text.plist.xml; path = Info.plist; sourceTree = "<group>"; };
/* End PBXFileReference section */

/* Begin PBXFrameworksBuildPhase section */
		38A0728022358559007C2195 /* Frameworks */ = {
			isa = PBXFrameworksBuildPhase;
			buildActionMask = 2147483647;
			files = (
			);
			runOnlyForDeploymentPostprocessing = 0;
		};
		38A0729422358559007C2195 /* Frameworks */ = {
			isa = PBXFrameworksBuildPhase;
			buildActionMask = 2147483647;
			files = (
			);
			runOnlyForDeploymentPostprocessing = 0;
		};
		38A0729F2235855A007C2195 /* Frameworks */ = {
			isa = PBXFrameworksBuildPhase;
			buildActionMask = 2147483647;
			files = (
			);
			runOnlyForDeploymentPostprocessing = 0;
		};
/* End PBXFrameworksBuildPhase section */

/* Begin PBXGroup section */
		38A0727A22358559007C2195 = {
			isa = PBXGroup;
			children = (
				38A0728522358559007C2195 /* Question4 */,
				38A0729A22358559007C2195 /* Question4Tests */,
				38A072A52235855A007C2195 /* Question4UITests */,
				38A0728422358559007C2195 /* Products */,
			);
			sourceTree = "<group>";
		};
		38A0728422358559007C2195 /* Products */ = {
			isa = PBXGroup;
			children = (
				38A0728322358559007C2195 /* Question4.app */,
				38A0729722358559007C2195 /* Question4Tests.xctest */,
				38A072A22235855A007C2195 /* Question4UITests.xctest */,
			);
			name = Products;
			sourceTree = "<group>";
		};
		38A0728522358559007C2195 /* Question4 */ = {
			isa = PBXGroup;
			children = (
				38A0728622358559007C2195 /* AppDelegate.swift */,
				38A0728822358559007C2195 /* ViewController.swift */,
				38A0728A22358559007C2195 /* Main.storyboard */,
				38A0728D22358559007C2195 /* Assets.xcassets */,
				38A0728F22358559007C2195 /* LaunchScreen.storyboard */,
				38A0729222358559007C2195 /* Info.plist */,
			);
			path = Question4;
			sourceTree = "<group>";
		};
		38A0729A22358559007C2195 /* Question4Tests */ = {
			isa = PBXGroup;
			children = (
				38A0729B2235855A007C2195 /* Question4Tests.swift */,
				38A0729D2235855A007C2195 /* Info.plist */,
			);
			path = Question4Tests;
			sourceTree = "<group>";
		};
		38A072A52235855A007C2195 /* Question4UITests */ = {
			isa = PBXGroup;
			children = (
				38A072A62235855A007C2195 /* Question4UITests.swift */,
				38A072A82235855A007C2195 /* Info.plist */,
			);
			path = Question4UITests;
			sourceTree = "<group>";
		};
/* End PBXGroup section */

/* Begin PBXNativeTarget section */
		38A0728222358559007C2195 /* Question4 */ = {
			isa = PBXNativeTarget;
			buildConfigurationList = 38A072AB2235855A007C2195 /* Build configuration list for PBXNativeTarget "Question4" */;
			buildPhases = (
				38A0727F22358559007C2195 /* Sources */,
				38A0728022358559007C2195 /* Frameworks */,
				38A0728122358559007C2195 /* Resources */,
			);
			buildRules = (
			);
			dependencies = (
			);
			name = Question4;
			productName = Question4;
			productReference = 38A0728322358559007C2195 /* Question4.app */;
			productType = "com.apple.product-type.application";
		};
		38A0729622358559007C2195 /* Question4Tests */ = {
			isa = PBXNativeTarget;
			buildConfigurationList = 38A072AE2235855A007C2195 /* Build configuration list for PBXNativeTarget "Question4Tests" */;
			buildPhases = (
				38A0729322358559007C2195 /* Sources */,
				38A0729422358559007C2195 /* Frameworks */,
				38A0729522358559007C2195 /* Resources */,
			);
			buildRules = (
			);
			dependencies = (
				38A0729922358559007C2195 /* PBXTargetDependency */,
			);
			name = Question4Tests;
			productName = Question4Tests;
			productReference = 38A0729722358559007C2195 /* Question4Tests.xctest */;
			productType = "com.apple.product-type.bundle.unit-test";
		};
		38A072A12235855A007C2195 /* Question4UITests */ = {
			isa = PBXNativeTarget;
			buildConfigurationList = 38A072B12235855A007C2195 /* Build configuration list for PBXNativeTarget "Question4UITests" */;
			buildPhases = (
				38A0729E2235855A007C2195 /* Sources */,
				38A0729F2235855A007C2195 /* Frameworks */,
				38A072A02235855A007C2195 /* Resources */,
			);
			buildRules = (
			);
			dependencies = (
				38A072A42235855A007C2195 /* PBXTargetDependency */,
			);
			name = Question4UITests;
			productName = Question4UITests;
			productReference = 38A072A22235855A007C2195 /* Question4UITests.xctest */;
			productType = "com.apple.product-type.bundle.ui-testing";
		};
/* End PBXNativeTarget section */

/* Begin PBXProject section */
		38A0727B22358559007C2195 /* Project object */ = {
			isa = PBXProject;
			attributes = {
				LastSwiftUpdateCheck = 1010;
				LastUpgradeCheck = 1010;
				ORGANIZATIONNAME = "Akash Verma";
				TargetAttributes = {
					38A0728222358559007C2195 = {
						CreatedOnToolsVersion = 10.1;
					};
					38A0729622358559007C2195 = {
						CreatedOnToolsVersion = 10.1;
						TestTargetID = 38A0728222358559007C2195;
					};
					38A072A12235855A007C2195 = {
						CreatedOnToolsVersion = 10.1;
						TestTargetID = 38A0728222358559007C2195;
					};
				};
			};
			buildConfigurationList = 38A0727E22358559007C2195 /* Build configuration list for PBXProject "Question4" */;
			compatibilityVersion = "Xcode 9.3";
			developmentRegion = en;
			hasScannedForEncodings = 0;
			knownRegions = (
				en,
				Base,
			);
			mainGroup = 38A0727A22358559007C2195;
			productRefGroup = 38A0728422358559007C2195 /* Products */;
			projectDirPath = "";
			projectRoot = "";
			targets = (
				38A0728222358559007C2195 /* Question4 */,
				38A0729622358559007C2195 /* Question4Tests */,
				38A072A12235855A007C2195 /* Question4UITests */,
			);
		};
/* End PBXProject section */

/* Begin PBXResourcesBuildPhase section */
		38A0728122358559007C2195 /* Resources */ = {
			isa = PBXResourcesBuildPhase;
			buildActionMask = 2147483647;
			files = (
				38A0729122358559007C2195 /* LaunchScreen.storyboard in Resources */,
				38A0728E22358559007C2195 /* Assets.xcassets in Resources */,
				38A0728C22358559007C2195 /* Main.storyboard in Resources */,
			);
			runOnlyForDeploymentPostprocessing = 0;
		};
		38A0729522358559007C2195 /* Resources */ = {
			isa = PBXResourcesBuildPhase;
			buildActionMask = 2147483647;
			files = (
			);
			runOnlyForDeploymentPostprocessing = 0;
		};
		38A072A02235855A007C2195 /* Resources */ = {
			isa = PBXResourcesBuildPhase;
			buildActionMask = 2147483647;
			files = (
			);
			runOnlyForDeploymentPostprocessing = 0;
		};
/* End PBXResourcesBuildPhase section */

/* Begin PBXSourcesBuildPhase section */
		38A0727F22358559007C2195 /* Sources */ = {
			isa = PBXSourcesBuildPhase;
			buildActionMask = 2147483647;
			files = (
				38A0728922358559007C2195 /* ViewController.swift in Sources */,
				38A0728722358559007C2195 /* AppDelegate.swift in Sources */,
			);
			runOnlyForDeploymentPostprocessing = 0;
		};
		38A0729322358559007C2195 /* Sources */ = {
			isa = PBXSourcesBuildPhase;
			buildActionMask = 2147483647;
			files = (
				38A0729C2235855A007C2195 /* Question4Tests.swift in Sources */,
			);
			runOnlyForDeploymentPostprocessing = 0;
		};
		38A0729E2235855A007C2195 /* Sources */ = {
			isa = PBXSourcesBuildPhase;
			buildActionMask = 2147483647;
			files = (
				38A072A72235855A007C2195 /* Question4UITests.swift in Sources */,
			);
			runOnlyForDeploymentPostprocessing = 0;
		};
/* End PBXSourcesBuildPhase section */

/* Begin PBXTargetDependency section */
		38A0729922358559007C2195 /* PBXTargetDependency */ = {
			isa = PBXTargetDependency;
			target = 38A0728222358559007C2195 /* Question4 */;
			targetProxy = 38A0729822358559007C2195 /* PBXContainerItemProxy */;
		};
		38A072A42235855A007C2195 /* PBXTargetDependency */ = {
			isa = PBXTargetDependency;
			target = 38A0728222358559007C2195 /* Question4 */;
			targetProxy = 38A072A32235855A007C2195 /* PBXContainerItemProxy */;
		};
/* End PBXTargetDependency section */

/* Begin PBXVariantGroup section */
		38A0728A22358559007C2195 /* Main.storyboard */ = {
			isa = PBXVariantGroup;
			children = (
				38A0728B22358559007C2195 /* Base */,
			);
			name = Main.storyboard;
			sourceTree = "<group>";
		};
		38A0728F22358559007C2195 /* LaunchScreen.storyboard */ = {
			isa = PBXVariantGroup;
			children = (
				38A0729022358559007C2195 /* Base */,
			);
			name = LaunchScreen.storyboard;
			sourceTree = "<group>";
		};
/* End PBXVariantGroup section */

/* Begin XCBuildConfiguration section */
		38A072A92235855A007C2195 /* Debug */ = {
			isa = XCBuildConfiguration;
			buildSettings = {
				ALWAYS_SEARCH_USER_PATHS = NO;
				CLANG_ANALYZER_NONNULL = YES;
				CLANG_ANALYZER_NUMBER_OBJECT_CONVERSION = YES_AGGRESSIVE;
				CLANG_CXX_LANGUAGE_STANDARD = "gnu++14";
				CLANG_CXX_LIBRARY = "libc++";
				CLANG_ENABLE_MODULES = YES;
				CLANG_ENABLE_OBJC_ARC = YES;
				CLANG_ENABLE_OBJC_WEAK = YES;
				CLANG_WARN_BLOCK_CAPTURE_AUTORELEASING = YES;
				CLANG_WARN_BOOL_CONVERSION = YES;
				CLANG_WARN_COMMA = YES;
				CLANG_WARN_CONSTANT_CONVERSION = YES;
				CLANG_WARN_DEPRECATED_OBJC_IMPLEMENTATIONS = YES;
				CLANG_WARN_DIRECT_OBJC_ISA_USAGE = YES_ERROR;
				CLANG_WARN_DOCUMENTATION_COMMENTS = YES;
				CLANG_WARN_EMPTY_BODY = YES;
				CLANG_WARN_ENUM_CONVERSION = YES;
				CLANG_WARN_INFINITE_RECURSION = YES;
				CLANG_WARN_INT_CONVERSION = YES;
				CLANG_WARN_NON_LITERAL_NULL_CONVERSION = YES;
				CLANG_WARN_OBJC_IMPLICIT_RETAIN_SELF = YES;
				CLANG_WARN_OBJC_LITERAL_CONVERSION = YES;
				CLANG_WARN_OBJC_ROOT_CLASS = YES_ERROR;
				CLANG_WARN_RANGE_LOOP_ANALYSIS = YES;
				CLANG_WARN_STRICT_PROTOTYPES = YES;
				CLANG_WARN_SUSPICIOUS_MOVE = YES;
				CLANG_WARN_UNGUARDED_AVAILABILITY = YES_AGGRESSIVE;
				CLANG_WARN_UNREACHABLE_CODE = YES;
				CLANG_WARN__DUPLICATE_METHOD_MATCH = YES;
				CODE_SIGN_IDENTITY = "iPhone Developer";
				COPY_PHASE_STRIP = NO;
				DEBUG_INFORMATION_FORMAT = dwarf;
				ENABLE_STRICT_OBJC_MSGSEND = YES;
				ENABLE_TESTABILITY = YES;
				GCC_C_LANGUAGE_STANDARD = gnu11;
				GCC_DYNAMIC_NO_PIC = NO;
				GCC_NO_COMMON_BLOCKS = YES;
				GCC_OPTIMIZATION_LEVEL = 0;
				GCC_PREPROCESSOR_DEFINITIONS = (
					"DEBUG=1",
					"$(inherited)",
				);
				GCC_WARN_64_TO_32_BIT_CONVERSION = YES;
				GCC_WARN_ABOUT_RETURN_TYPE = YES_ERROR;
				GCC_WARN_UNDECLARED_SELECTOR = YES;
				GCC_WARN_UNINITIALIZED_AUTOS = YES_AGGRESSIVE;
				GCC_WARN_UNUSED_FUNCTION = YES;
				GCC_WARN_UNUSED_VARIABLE = YES;
				IPHONEOS_DEPLOYMENT_TARGET = 12.1;
				MTL_ENABLE_DEBUG_INFO = INCLUDE_SOURCE;
				MTL_FAST_MATH = YES;
				ONLY_ACTIVE_ARCH = YES;
				SDKROOT = iphoneos;
				SWIFT_ACTIVE_COMPILATION_CONDITIONS = DEBUG;
				SWIFT_OPTIMIZATION_LEVEL = "-Onone";
			};
			name = Debug;
		};
		38A072AA2235855A007C2195 /* Release */ = {
			isa = XCBuildConfiguration;
			buildSettings = {
				ALWAYS_SEARCH_USER_PATHS = NO;
				CLANG_ANALYZER_NONNULL = YES;
				CLANG_ANALYZER_NUMBER_OBJECT_CONVERSION = YES_AGGRESSIVE;
				CLANG_CXX_LANGUAGE_STANDARD = "gnu++14";
				CLANG_CXX_LIBRARY = "libc++";
				CLANG_ENABLE_MODULES = YES;
				CLANG_ENABLE_OBJC_ARC = YES;
				CLANG_ENABLE_OBJC_WEAK = YES;
				CLANG_WARN_BLOCK_CAPTURE_AUTORELEASING = YES;
				CLANG_WARN_BOOL_CONVERSION = YES;
				CLANG_WARN_COMMA = YES;
				CLANG_WARN_CONSTANT_CONVERSION = YES;
				CLANG_WARN_DEPRECATED_OBJC_IMPLEMENTATIONS = YES;
				CLANG_WARN_DIRECT_OBJC_ISA_USAGE = YES_ERROR;
				CLANG_WARN_DOCUMENTATION_COMMENTS = YES;
				CLANG_WARN_EMPTY_BODY = YES;
				CLANG_WARN_ENUM_CONVERSION = YES;
				CLANG_WARN_INFINITE_RECURSION = YES;
				CLANG_WARN_INT_CONVERSION = YES;
				CLANG_WARN_NON_LITERAL_NULL_CONVERSION = YES;
				CLANG_WARN_OBJC_IMPLICIT_RETAIN_SELF = YES;
				CLANG_WARN_OBJC_LITERAL_CONVERSION = YES;
				CLANG_WARN_OBJC_ROOT_CLASS = YES_ERROR;
				CLANG_WARN_RANGE_LOOP_ANALYSIS = YES;
				CLANG_WARN_STRICT_PROTOTYPES = YES;
				CLANG_WARN_SUSPICIOUS_MOVE = YES;
				CLANG_WARN_UNGUARDED_AVAILABILITY = YES_AGGRESSIVE;
				CLANG_WARN_UNREACHABLE_CODE = YES;
				CLANG_WARN__DUPLICATE_METHOD_MATCH = YES;
				CODE_SIGN_IDENTITY = "iPhone Developer";
				COPY_PHASE_STRIP = NO;
				DEBUG_INFORMATION_FORMAT = "dwarf-with-dsym";
				ENABLE_NS_ASSERTIONS = NO;
				ENABLE_STRICT_OBJC_MSGSEND = YES;
				GCC_C_LANGUAGE_STANDARD = gnu11;
				GCC_NO_COMMON_BLOCKS = YES;
				GCC_WARN_64_TO_32_BIT_CONVERSION = YES;
				GCC_WARN_ABOUT_RETURN_TYPE = YES_ERROR;
				GCC_WARN_UNDECLARED_SELECTOR = YES;
				GCC_WARN_UNINITIALIZED_AUTOS = YES_AGGRESSIVE;
				GCC_WARN_UNUSED_FUNCTION = YES;
				GCC_WARN_UNUSED_VARIABLE = YES;
				IPHONEOS_DEPLOYMENT_TARGET = 12.1;
				MTL_ENABLE_DEBUG_INFO = NO;
				MTL_FAST_MATH = YES;
				SDKROOT = iphoneos;
				SWIFT_COMPILATION_MODE = wholemodule;
				SWIFT_OPTIMIZATION_LEVEL = "-O";
				VALIDATE_PRODUCT = YES;
			};
			name = Release;
		};
		38A072AC2235855A007C2195 /* Debug */ = {
			isa = XCBuildConfiguration;
			buildSettings = {
				ASSETCATALOG_COMPILER_APPICON_NAME = AppIcon;
				CODE_SIGN_STYLE = Automatic;
				INFOPLIST_FILE = Question4/Info.plist;
				LD_RUNPATH_SEARCH_PATHS = (
					"$(inherited)",
					"@executable_path/Frameworks",
				);
				PRODUCT_BUNDLE_IDENTIFIER = com.tothenew.Question4;
				PRODUCT_NAME = "$(TARGET_NAME)";
				SWIFT_VERSION = 4.2;
				TARGETED_DEVICE_FAMILY = "1,2";
			};
			name = Debug;
		};
		38A072AD2235855A007C2195 /* Release */ = {
			isa = XCBuildConfiguration;
			buildSettings = {
				ASSETCATALOG_COMPILER_APPICON_NAME = AppIcon;
				CODE_SIGN_STYLE = Automatic;
				INFOPLIST_FILE = Question4/Info.plist;
				LD_RUNPATH_SEARCH_PATHS = (
					"$(inherited)",
					"@executable_path/Frameworks",
				);
				PRODUCT_BUNDLE_IDENTIFIER = com.tothenew.Question4;
				PRODUCT_NAME = "$(TARGET_NAME)";
				SWIFT_VERSION = 4.2;
				TARGETED_DEVICE_FAMILY = "1,2";
			};
			name = Release;
		};
		38A072AF2235855A007C2195 /* Debug */ = {
			isa = XCBuildConfiguration;
			buildSettings = {
				ALWAYS_EMBED_SWIFT_STANDARD_LIBRARIES = YES;
				BUNDLE_LOADER = "$(TEST_HOST)";
				CODE_SIGN_STYLE = Automatic;
				INFOPLIST_FILE = Question4Tests/Info.plist;
				LD_RUNPATH_SEARCH_PATHS = (
					"$(inherited)",
					"@executable_path/Frameworks",
					"@loader_path/Frameworks",
				);
				PRODUCT_BUNDLE_IDENTIFIER = com.tothenew.Question4Tests;
				PRODUCT_NAME = "$(TARGET_NAME)";
				SWIFT_VERSION = 4.2;
				TARGETED_DEVICE_FAMILY = "1,2";
				TEST_HOST = "$(BUILT_PRODUCTS_DIR)/Question4.app/Question4";
			};
			name = Debug;
		};
		38A072B02235855A007C2195 /* Release */ = {
			isa = XCBuildConfiguration;
			buildSettings = {
				ALWAYS_EMBED_SWIFT_STANDARD_LIBRARIES = YES;
				BUNDLE_LOADER = "$(TEST_HOST)";
				CODE_SIGN_STYLE = Automatic;
				INFOPLIST_FILE = Question4Tests/Info.plist;
				LD_RUNPATH_SEARCH_PATHS = (
					"$(inherited)",
					"@executable_path/Frameworks",
					"@loader_path/Frameworks",
				);
				PRODUCT_BUNDLE_IDENTIFIER = com.tothenew.Question4Tests;
				PRODUCT_NAME = "$(TARGET_NAME)";
				SWIFT_VERSION = 4.2;
				TARGETED_DEVICE_FAMILY = "1,2";
				TEST_HOST = "$(BUILT_PRODUCTS_DIR)/Question4.app/Question4";
			};
			name = Release;
		};
		38A072B22235855A007C2195 /* Debug */ = {
			isa = XCBuildConfiguration;
			buildSettings = {
				ALWAYS_EMBED_SWIFT_STANDARD_LIBRARIES = YES;
				CODE_SIGN_STYLE = Automatic;
				INFOPLIST_FILE = Question4UITests/Info.plist;
				LD_RUNPATH_SEARCH_PATHS = (
					"$(inherited)",
					"@executable_path/Frameworks",
					"@loader_path/Frameworks",
				);
				PRODUCT_BUNDLE_IDENTIFIER = com.tothenew.Question4UITests;
				PRODUCT_NAME = "$(TARGET_NAME)";
				SWIFT_VERSION = 4.2;
				TARGETED_DEVICE_FAMILY = "1,2";
				TEST_TARGET_NAME = Question4;
			};
			name = Debug;
		};
		38A072B32235855A007C2195 /* Release */ = {
			isa = XCBuildConfiguration;
			buildSettings = {
				ALWAYS_EMBED_SWIFT_STANDARD_LIBRARIES = YES;
				CODE_SIGN_STYLE = Automatic;
				INFOPLIST_FILE = Question4UITests/Info.plist;
				LD_RUNPATH_SEARCH_PATHS = (
					"$(inherited)",
					"@executable_path/Frameworks",
					"@loader_path/Frameworks",
				);
				PRODUCT_BUNDLE_IDENTIFIER = com.tothenew.Question4UITests;
				PRODUCT_NAME = "$(TARGET_NAME)";
				SWIFT_VERSION = 4.2;
				TARGETED_DEVICE_FAMILY = "1,2";
				TEST_TARGET_NAME = Question4;
			};
			name = Release;
		};
/* End XCBuildConfiguration section */

/* Begin XCConfigurationList section */
		38A0727E22358559007C2195 /* Build configuration list for PBXProject "Question4" */ = {
			isa = XCConfigurationList;
			buildConfigurations = (
				38A072A92235855A007C2195 /* Debug */,
				38A072AA2235855A007C2195 /* Release */,
			);
			defaultConfigurationIsVisible = 0;
			defaultConfigurationName = Release;
		};
		38A072AB2235855A007C2195 /* Build configuration list for PBXNativeTarget "Question4" */ = {
			isa = XCConfigurationList;
			buildConfigurations = (
				38A072AC2235855A007C2195 /* Debug */,
				38A072AD2235855A007C2195 /* Release */,
			);
			defaultConfigurationIsVisible = 0;
			defaultConfigurationName = Release;
		};
		38A072AE2235855A007C2195 /* Build configuration list for PBXNativeTarget "Question4Tests" */ = {
			isa = XCConfigurationList;
			buildConfigurations = (
				38A072AF2235855A007C2195 /* Debug */,
				38A072B02235855A007C2195 /* Release */,
			);
			defaultConfigurationIsVisible = 0;
			defaultConfigurationName = Release;
		};
		38A072B12235855A007C2195 /* Build configuration list for PBXNativeTarget "Question4UITests" */ = {
			isa = XCConfigurationList;
			buildConfigurations = (
				38A072B22235855A007C2195 /* Debug */,
				38A072B32235855A007C2195 /* Release */,
			);
			defaultConfigurationIsVisible = 0;
			defaultConfigurationName = Release;
		};
/* End XCConfigurationList section */
	};
	rootObject = 38A0727B22358559007C2195 /* Project object */;
}
